
Microsoft Visual Studio Solution File, Format Version 12.00
# Visual Studio Express 2012 for Windows Phone
Project("{FAE04EC0-301F-11D3-BF4B-00C04F79EFBC}") = "Cowbell", "Cowbell\Cowbell.csproj", "{33550F5D-AC88-4D7E-958C-63C68BE3F70C}"
EndProject
Project("{FAE04EC0-301F-11D3-BF4B-00C04F79EFBC}") = "Wp7Shared", "..\..\Wp7Shared\Wp7Shared.csproj", "{C0ABFED3-524B-473B-A9CA-5EE8C6D78884}"
EndProject
Global
	GlobalSection(SolutionConfigurationPlatforms) = preSolution
		Debug|Any CPU = Debug|Any CPU
		DebugTRIAL|Any CPU = DebugTRIAL|Any CPU
		Release|Any CPU = Release|Any CPU
	EndGlobalSection
	GlobalSection(ProjectConfigurationPlatforms) = postSolution
		{33550F5D-AC88-4D7E-958C-63C68BE3F70C}.Debug|Any CPU.ActiveCfg = Debug|Any CPU
		{33550F5D-AC88-4D7E-958C-63C68BE3F70C}.Debug|Any CPU.Build.0 = Debug|Any CPU
		{33550F5D-AC88-4D7E-958C-63C68BE3F70C}.Debug|Any CPU.Deploy.0 = Debug|Any CPU
		{33550F5D-AC88-4D7E-958C-63C68BE3F70C}.DebugTRIAL|Any CPU.ActiveCfg = DebugTRIAL|Any CPU
		{33550F5D-AC88-4D7E-958C-63C68BE3F70C}.DebugTRIAL|Any CPU.Build.0 = DebugTRIAL|Any CPU
		{33550F5D-AC88-4D7E-958C-63C68BE3F70C}.DebugTRIAL|Any CPU.Deploy.0 = DebugTRIAL|Any CPU
		{33550F5D-AC88-4D7E-958C-63C68BE3F70C}.Release|Any CPU.ActiveCfg = Release|Any CPU
		{33550F5D-AC88-4D7E-958C-63C68BE3F70C}.Release|Any CPU.Build.0 = Release|Any CPU
		{33550F5D-AC88-4D7E-958C-63C68BE3F70C}.Release|Any CPU.Deploy.0 = Release|Any CPU
		{C0ABFED3-524B-473B-A9CA-5EE8C6D78884}.Debug|Any CPU.ActiveCfg = Debug|Any CPU
		{C0ABFED3-524B-473B-A9CA-5EE8C6D78884}.Debug|Any CPU.Build.0 = Debug|Any CPU
		{C0ABFED3-524B-473B-A9CA-5EE8C6D78884}.DebugTRIAL|Any CPU.ActiveCfg = DebugTRIAL|Any CPU
		{C0ABFED3-524B-473B-A9CA-5EE8C6D78884}.DebugTRIAL|Any CPU.Build.0 = DebugTRIAL|Any CPU
		{C0ABFED3-524B-473B-A9CA-5EE8C6D78884}.Release|Any CPU.ActiveCfg = Release|Any CPU
		{C0ABFED3-524B-473B-A9CA-5EE8C6D78884}.Release|Any CPU.Build.0 = Release|Any CPU
	EndGlobalSection
	GlobalSection(SolutionProperties) = preSolution
		HideSolutionNode = FALSE
	EndGlobalSection
EndGlobal
